
Microsoft Visual Studio Solution File, Format Version 12.00
# Visual Studio Version 16
VisualStudioVersion = 16.0.810.14
MinimumVisualStudioVersion = 10.0.40219.1
Project("{FAE04EC0-301F-11D3-BF4B-00C04F79EFBC}") = "CommandsService", "CommandsService.csproj", "{31A90058-3604-40D7-96F0-51FF8FE45406}"
EndProject
Global
	GlobalSection(SolutionConfigurationPlatforms) = preSolution
		Debug|Any CPU = Debug|Any CPU
		Release|Any CPU = Release|Any CPU
	EndGlobalSection
	GlobalSection(ProjectConfigurationPlatforms) = postSolution
		{31A90058-3604-40D7-96F0-51FF8FE45406}.Debug|Any CPU.ActiveCfg = Debug|Any CPU
		{31A90058-3604-40D7-96F0-51FF8FE45406}.Debug|Any CPU.Build.0 = Debug|Any CPU
		{31A90058-3604-40D7-96F0-51FF8FE45406}.Release|Any CPU.ActiveCfg = Release|Any CPU
		{31A90058-3604-40D7-96F0-51FF8FE45406}.Release|Any CPU.Build.0 = Release|Any CPU
	EndGlobalSection
	GlobalSection(SolutionProperties) = preSolution
		HideSolutionNode = FALSE
	EndGlobalSection
	GlobalSection(ExtensibilityGlobals) = postSolution
		SolutionGuid = {AA607547-6380-4E60-9693-FF0D049385CC}
	EndGlobalSection
EndGlobal
