
Microsoft Visual Studio Solution File, Format Version 12.00
# Visual Studio Version 16
VisualStudioVersion = 16.0.810.14
MinimumVisualStudioVersion = 10.0.40219.1
Project("{FAE04EC0-301F-11D3-BF4B-00C04F79EFBC}") = "PlatformService", "PlatformService.csproj", "{696366EB-3F68-4344-99FE-604E414ED502}"
EndProject
Global
	GlobalSection(SolutionConfigurationPlatforms) = preSolution
		Debug|Any CPU = Debug|Any CPU
		Release|Any CPU = Release|Any CPU
	EndGlobalSection
	GlobalSection(ProjectConfigurationPlatforms) = postSolution
		{696366EB-3F68-4344-99FE-604E414ED502}.Debug|Any CPU.ActiveCfg = Debug|Any CPU
		{696366EB-3F68-4344-99FE-604E414ED502}.Debug|Any CPU.Build.0 = Debug|Any CPU
		{696366EB-3F68-4344-99FE-604E414ED502}.Release|Any CPU.ActiveCfg = Release|Any CPU
		{696366EB-3F68-4344-99FE-604E414ED502}.Release|Any CPU.Build.0 = Release|Any CPU
	EndGlobalSection
	GlobalSection(SolutionProperties) = preSolution
		HideSolutionNode = FALSE
	EndGlobalSection
	GlobalSection(ExtensibilityGlobals) = postSolution
		SolutionGuid = {52672C50-64B4-4681-B006-16653CD97D13}
	EndGlobalSection
EndGlobal
